// !$*UTF8*$!
{
	archiveVersion = 1;
	classes = {
	};
	objectVersion = 56;
	objects = {

/* Begin PBXBuildFile section */
		4AF6A1DC2BD40876002A0AA3 /* guoranApp.swift in Sources */ = {isa = PBXBuildFile; fileRef = 4AF6A1DB2BD40876002A0AA3 /* guoranApp.swift */; };
		4AF6A1DE2BD40876002A0AA3 /* ContentView.swift in Sources */ = {isa = PBXBuildFile; fileRef = 4AF6A1DD2BD40876002A0AA3 /* ContentView.swift */; };
		4AF6A1E02BD40878002A0AA3 /* Assets.xcassets in Resources */ = {isa = PBXBuildFile; fileRef = 4AF6A1DF2BD40878002A0AA3 /* Assets.xcassets */; };
		4AF6A1E32BD40878002A0AA3 /* Preview Assets.xcassets in Resources */ = {isa = PBXBuildFile; fileRef = 4AF6A1E22BD40878002A0AA3 /* Preview Assets.xcassets */; };
		4AF6A1EA2BD408C3002A0AA3 /* DetailView.swift in Sources */ = {isa = PBXBuildFile; fileRef = 4AF6A1E92BD408C3002A0AA3 /* DetailView.swift */; };
		4AF6A1EE2BD40C4A002A0AA3 /* GptApi.swift in Sources */ = {isa = PBXBuildFile; fileRef = 4AF6A1ED2BD40C4A002A0AA3 /* GptApi.swift */; };
		4AF6A1F02BD4A549002A0AA3 /* PublishView.swift in Sources */ = {isa = PBXBuildFile; fileRef = 4AF6A1EF2BD4A549002A0AA3 /* PublishView.swift */; };
		4AF6A1F42BD4BE12002A0AA3 /* NavigationController.swift in Sources */ = {isa = PBXBuildFile; fileRef = 4AF6A1F32BD4BE12002A0AA3 /* NavigationController.swift */; };
		4AF6A22E2BD75251002A0AA3 /* SecondView.swift in Sources */ = {isa = PBXBuildFile; fileRef = 4AF6A22D2BD75251002A0AA3 /* SecondView.swift */; };
		8246B9E72C7B3E51008428E4 /* GptApi.swift in Sources */ = {isa = PBXBuildFile; fileRef = 8246B9D82C7B3E51008428E4 /* GptApi.swift */; };
		8246B9E82C7B3E51008428E4 /* Preview Assets.xcassets in Resources */ = {isa = PBXBuildFile; fileRef = 8246B9D92C7B3E51008428E4 /* Preview Assets.xcassets */; };
		8246B9E92C7B3E51008428E4 /* Assets.xcassets in Resources */ = {isa = PBXBuildFile; fileRef = 8246B9DB2C7B3E51008428E4 /* Assets.xcassets */; };
		8246B9EA2C7B3E51008428E4 /* ContentView.swift in Sources */ = {isa = PBXBuildFile; fileRef = 8246B9DC2C7B3E51008428E4 /* ContentView.swift */; };
		8246B9EB2C7B3E51008428E4 /* DetailView.swift in Sources */ = {isa = PBXBuildFile; fileRef = 8246B9DD2C7B3E51008428E4 /* DetailView.swift */; };
		8246B9EC2C7B3E51008428E4 /* guoranApp.swift in Sources */ = {isa = PBXBuildFile; fileRef = 8246B9DE2C7B3E51008428E4 /* guoranApp.swift */; };
		8246B9ED2C7B3E51008428E4 /* NavigationController.swift in Sources */ = {isa = PBXBuildFile; fileRef = 8246B9DF2C7B3E51008428E4 /* NavigationController.swift */; };
		8246B9EE2C7B3E51008428E4 /* PublishView.swift in Sources */ = {isa = PBXBuildFile; fileRef = 8246B9E02C7B3E51008428E4 /* PublishView.swift */; };
		8246B9EF2C7B3E51008428E4 /* SecondView.swift in Sources */ = {isa = PBXBuildFile; fileRef = 8246B9E12C7B3E51008428E4 /* SecondView.swift */; };
/* End PBXBuildFile section */

/* Begin PBXFileReference section */
		4AF6A1D82BD40876002A0AA3 /* guoran.app */ = {isa = PBXFileReference; explicitFileType = wrapper.application; includeInIndex = 0; path = guoran.app; sourceTree = BUILT_PRODUCTS_DIR; };
		4AF6A1DB2BD40876002A0AA3 /* guoranApp.swift */ = {isa = PBXFileReference; lastKnownFileType = sourcecode.swift; path = guoranApp.swift; sourceTree = "<group>"; };
		4AF6A1DD2BD40876002A0AA3 /* ContentView.swift */ = {isa = PBXFileReference; lastKnownFileType = sourcecode.swift; path = ContentView.swift; sourceTree = "<group>"; };
		4AF6A1DF2BD40878002A0AA3 /* Assets.xcassets */ = {isa = PBXFileReference; lastKnownFileType = folder.assetcatalog; path = Assets.xcassets; sourceTree = "<group>"; };
		4AF6A1E22BD40878002A0AA3 /* Preview Assets.xcassets */ = {isa = PBXFileReference; lastKnownFileType = folder.assetcatalog; path = "Preview Assets.xcassets"; sourceTree = "<group>"; };
		4AF6A1E92BD408C3002A0AA3 /* DetailView.swift */ = {isa = PBXFileReference; lastKnownFileType = sourcecode.swift; path = DetailView.swift; sourceTree = "<group>"; };
		4AF6A1ED2BD40C4A002A0AA3 /* GptApi.swift */ = {isa = PBXFileReference; lastKnownFileType = sourcecode.swift; path = GptApi.swift; sourceTree = "<group>"; };
		4AF6A1EF2BD4A549002A0AA3 /* PublishView.swift */ = {isa = PBXFileReference; lastKnownFileType = sourcecode.swift; path = PublishView.swift; sourceTree = "<group>"; };
		4AF6A1F32BD4BE12002A0AA3 /* NavigationController.swift */ = {isa = PBXFileReference; lastKnownFileType = sourcecode.swift; path = NavigationController.swift; sourceTree = "<group>"; };
		4AF6A22D2BD75251002A0AA3 /* SecondView.swift */ = {isa = PBXFileReference; lastKnownFileType = sourcecode.swift; path = SecondView.swift; sourceTree = "<group>"; };
		8246B9D82C7B3E51008428E4 /* GptApi.swift */ = {isa = PBXFileReference; fileEncoding = 4; lastKnownFileType = sourcecode.swift; path = GptApi.swift; sourceTree = "<group>"; };
		8246B9D92C7B3E51008428E4 /* Preview Assets.xcassets */ = {isa = PBXFileReference; lastKnownFileType = folder.assetcatalog; path = "Preview Assets.xcassets"; sourceTree = "<group>"; };
		8246B9DB2C7B3E51008428E4 /* Assets.xcassets */ = {isa = PBXFileReference; lastKnownFileType = folder.assetcatalog; path = Assets.xcassets; sourceTree = "<group>"; };
		8246B9DC2C7B3E51008428E4 /* ContentView.swift */ = {isa = PBXFileReference; fileEncoding = 4; lastKnownFileType = sourcecode.swift; path = ContentView.swift; sourceTree = "<group>"; };
		8246B9DD2C7B3E51008428E4 /* DetailView.swift */ = {isa = PBXFileReference; fileEncoding = 4; lastKnownFileType = sourcecode.swift; path = DetailView.swift; sourceTree = "<group>"; };
		8246B9DE2C7B3E51008428E4 /* guoranApp.swift */ = {isa = PBXFileReference; fileEncoding = 4; lastKnownFileType = sourcecode.swift; path = guoranApp.swift; sourceTree = "<group>"; };
		8246B9DF2C7B3E51008428E4 /* NavigationController.swift */ = {isa = PBXFileReference; fileEncoding = 4; lastKnownFileType = sourcecode.swift; path = NavigationController.swift; sourceTree = "<group>"; };
		8246B9E02C7B3E51008428E4 /* PublishView.swift */ = {isa = PBXFileReference; fileEncoding = 4; lastKnownFileType = sourcecode.swift; path = PublishView.swift; sourceTree = "<group>"; };
		8246B9E12C7B3E51008428E4 /* SecondView.swift */ = {isa = PBXFileReference; fileEncoding = 4; lastKnownFileType = sourcecode.swift; path = SecondView.swift; sourceTree = "<group>"; };
		8246B9E32C7B3E51008428E4 /* guoran.xcodeproj */ = {isa = PBXFileReference; lastKnownFileType = "wrapper.pb-project"; path = guoran.xcodeproj; sourceTree = "<group>"; };
/* End PBXFileReference section */

/* Begin PBXFrameworksBuildPhase section */
		4AF6A1D52BD40876002A0AA3 /* Frameworks */ = {
			isa = PBXFrameworksBuildPhase;
			buildActionMask = 2147483647;
			files = (
			);
			runOnlyForDeploymentPostprocessing = 0;
		};
/* End PBXFrameworksBuildPhase section */

/* Begin PBXGroup section */
		4AF6A1CF2BD40876002A0AA3 = {
			isa = PBXGroup;
			children = (
				8246B9E42C7B3E51008428E4 /* guoran_UI */,
				4AF6A1DA2BD40876002A0AA3 /* guoran */,
				4AF6A1D92BD40876002A0AA3 /* Products */,
			);
			sourceTree = "<group>";
		};
		4AF6A1D92BD40876002A0AA3 /* Products */ = {
			isa = PBXGroup;
			children = (
				4AF6A1D82BD40876002A0AA3 /* guoran.app */,
			);
			name = Products;
			sourceTree = "<group>";
		};
		4AF6A1DA2BD40876002A0AA3 /* guoran */ = {
			isa = PBXGroup;
			children = (
				4AF6A1DB2BD40876002A0AA3 /* guoranApp.swift */,
				4AF6A22D2BD75251002A0AA3 /* SecondView.swift */,
				4AF6A1DD2BD40876002A0AA3 /* ContentView.swift */,
				4AF6A1F32BD4BE12002A0AA3 /* NavigationController.swift */,
				4AF6A1E92BD408C3002A0AA3 /* DetailView.swift */,
				4AF6A1EF2BD4A549002A0AA3 /* PublishView.swift */,
				4AF6A1DF2BD40878002A0AA3 /* Assets.xcassets */,
				4AF6A1E12BD40878002A0AA3 /* Preview Content */,
			);
			path = guoran;
			sourceTree = "<group>";
		};
		4AF6A1E12BD40878002A0AA3 /* Preview Content */ = {
			isa = PBXGroup;
			children = (
				4AF6A1E22BD40878002A0AA3 /* Preview Assets.xcassets */,
				4AF6A1ED2BD40C4A002A0AA3 /* GptApi.swift */,
			);
			path = "Preview Content";
			sourceTree = "<group>";
		};
		8246B9DA2C7B3E51008428E4 /* Preview Content */ = {
			isa = PBXGroup;
			children = (
				8246B9D82C7B3E51008428E4 /* GptApi.swift */,
				8246B9D92C7B3E51008428E4 /* Preview Assets.xcassets */,
			);
			path = "Preview Content";
			sourceTree = "<group>";
		};
		8246B9E22C7B3E51008428E4 /* guoran */ = {
			isa = PBXGroup;
			children = (
				8246B9DA2C7B3E51008428E4 /* Preview Content */,
				8246B9DB2C7B3E51008428E4 /* Assets.xcassets */,
				8246B9DC2C7B3E51008428E4 /* ContentView.swift */,
				8246B9DD2C7B3E51008428E4 /* DetailView.swift */,
				8246B9DE2C7B3E51008428E4 /* guoranApp.swift */,
				8246B9DF2C7B3E51008428E4 /* NavigationController.swift */,
				8246B9E02C7B3E51008428E4 /* PublishView.swift */,
				8246B9E12C7B3E51008428E4 /* SecondView.swift */,
			);
			path = guoran;
			sourceTree = "<group>";
		};
		8246B9E42C7B3E51008428E4 /* guoran_UI */ = {
			isa = PBXGroup;
			children = (
				8246B9E22C7B3E51008428E4 /* guoran */,
				8246B9E32C7B3E51008428E4 /* guoran.xcodeproj */,
			);
			name = guoran_UI;
			sourceTree = "<group>";
		};
		8246B9E52C7B3E51008428E4 /* Products */ = {
			isa = PBXGroup;
			name = Products;
			sourceTree = "<group>";
		};
/* End PBXGroup section */

/* Begin PBXNativeTarget section */
		4AF6A1D72BD40876002A0AA3 /* guoran */ = {
			isa = PBXNativeTarget;
			buildConfigurationList = 4AF6A1E62BD40878002A0AA3 /* Build configuration list for PBXNativeTarget "guoran" */;
			buildPhases = (
				4AF6A1D42BD40876002A0AA3 /* Sources */,
				4AF6A1D52BD40876002A0AA3 /* Frameworks */,
				4AF6A1D62BD40876002A0AA3 /* Resources */,
			);
			buildRules = (
			);
			dependencies = (
			);
			name = guoran;
			productName = guoran;
			productReference = 4AF6A1D82BD40876002A0AA3 /* guoran.app */;
			productType = "com.apple.product-type.application";
		};
/* End PBXNativeTarget section */

/* Begin PBXProject section */
		4AF6A1D02BD40876002A0AA3 /* Project object */ = {
			isa = PBXProject;
			attributes = {
				BuildIndependentTargetsInParallel = 1;
				LastSwiftUpdateCheck = 1530;
				LastUpgradeCheck = 1530;
				TargetAttributes = {
					4AF6A1D72BD40876002A0AA3 = {
						CreatedOnToolsVersion = 15.3;
					};
				};
			};
			buildConfigurationList = 4AF6A1D32BD40876002A0AA3 /* Build configuration list for PBXProject "guoran" */;
			compatibilityVersion = "Xcode 14.0";
			developmentRegion = en;
			hasScannedForEncodings = 0;
			knownRegions = (
				en,
				Base,
			);
			mainGroup = 4AF6A1CF2BD40876002A0AA3;
			productRefGroup = 4AF6A1D92BD40876002A0AA3 /* Products */;
			projectDirPath = "";
			projectReferences = (
				{
					ProductGroup = 8246B9E52C7B3E51008428E4 /* Products */;
					ProjectRef = 8246B9E32C7B3E51008428E4 /* guoran.xcodeproj */;
				},
			);
			projectRoot = "";
			targets = (
				4AF6A1D72BD40876002A0AA3 /* guoran */,
			);
		};
/* End PBXProject section */

/* Begin PBXResourcesBuildPhase section */
		4AF6A1D62BD40876002A0AA3 /* Resources */ = {
			isa = PBXResourcesBuildPhase;
			buildActionMask = 2147483647;
			files = (
				4AF6A1E32BD40878002A0AA3 /* Preview Assets.xcassets in Resources */,
				8246B9E82C7B3E51008428E4 /* Preview Assets.xcassets in Resources */,
				8246B9E92C7B3E51008428E4 /* Assets.xcassets in Resources */,
				4AF6A1E02BD40878002A0AA3 /* Assets.xcassets in Resources */,
			);
			runOnlyForDeploymentPostprocessing = 0;
		};
/* End PBXResourcesBuildPhase section */

/* Begin PBXSourcesBuildPhase section */
		4AF6A1D42BD40876002A0AA3 /* Sources */ = {
			isa = PBXSourcesBuildPhase;
			buildActionMask = 2147483647;
			files = (
				8246B9EF2C7B3E51008428E4 /* SecondView.swift in Sources */,
				4AF6A22E2BD75251002A0AA3 /* SecondView.swift in Sources */,
				8246B9ED2C7B3E51008428E4 /* NavigationController.swift in Sources */,
				4AF6A1EE2BD40C4A002A0AA3 /* GptApi.swift in Sources */,
				4AF6A1F02BD4A549002A0AA3 /* PublishView.swift in Sources */,
				8246B9EB2C7B3E51008428E4 /* DetailView.swift in Sources */,
				4AF6A1DE2BD40876002A0AA3 /* ContentView.swift in Sources */,
				8246B9E72C7B3E51008428E4 /* GptApi.swift in Sources */,
				8246B9EC2C7B3E51008428E4 /* guoranApp.swift in Sources */,
				8246B9EA2C7B3E51008428E4 /* ContentView.swift in Sources */,
				8246B9EE2C7B3E51008428E4 /* PublishView.swift in Sources */,
				4AF6A1EA2BD408C3002A0AA3 /* DetailView.swift in Sources */,
				4AF6A1DC2BD40876002A0AA3 /* guoranApp.swift in Sources */,
				4AF6A1F42BD4BE12002A0AA3 /* NavigationController.swift in Sources */,
			);
			runOnlyForDeploymentPostprocessing = 0;
		};
/* End PBXSourcesBuildPhase section */

/* Begin XCBuildConfiguration section */
		4AF6A1E42BD40878002A0AA3 /* Debug */ = {
			isa = XCBuildConfiguration;
			buildSettings = {
				ALWAYS_SEARCH_USER_PATHS = NO;
				ASSETCATALOG_COMPILER_GENERATE_SWIFT_ASSET_SYMBOL_EXTENSIONS = YES;
				CLANG_ANALYZER_NONNULL = YES;
				CLANG_ANALYZER_NUMBER_OBJECT_CONVERSION = YES_AGGRESSIVE;
				CLANG_CXX_LANGUAGE_STANDARD = "gnu++20";
				CLANG_ENABLE_MODULES = YES;
				CLANG_ENABLE_OBJC_ARC = YES;
				CLANG_ENABLE_OBJC_WEAK = YES;
				CLANG_WARN_BLOCK_CAPTURE_AUTORELEASING = YES;
				CLANG_WARN_BOOL_CONVERSION = YES;
				CLANG_WARN_COMMA = YES;
				CLANG_WARN_CONSTANT_CONVERSION = YES;
				CLANG_WARN_DEPRECATED_OBJC_IMPLEMENTATIONS = YES;
				CLANG_WARN_DIRECT_OBJC_ISA_USAGE = YES_ERROR;
				CLANG_WARN_DOCUMENTATION_COMMENTS = YES;
				CLANG_WARN_EMPTY_BODY = YES;
				CLANG_WARN_ENUM_CONVERSION = YES;
				CLANG_WARN_INFINITE_RECURSION = YES;
				CLANG_WARN_INT_CONVERSION = YES;
				CLANG_WARN_NON_LITERAL_NULL_CONVERSION = YES;
				CLANG_WARN_OBJC_IMPLICIT_RETAIN_SELF = YES;
				CLANG_WARN_OBJC_LITERAL_CONVERSION = YES;
				CLANG_WARN_OBJC_ROOT_CLASS = YES_ERROR;
				CLANG_WARN_QUOTED_INCLUDE_IN_FRAMEWORK_HEADER = YES;
				CLANG_WARN_RANGE_LOOP_ANALYSIS = YES;
				CLANG_WARN_STRICT_PROTOTYPES = YES;
				CLANG_WARN_SUSPICIOUS_MOVE = YES;
				CLANG_WARN_UNGUARDED_AVAILABILITY = YES_AGGRESSIVE;
				CLANG_WARN_UNREACHABLE_CODE = YES;
				CLANG_WARN__DUPLICATE_METHOD_MATCH = YES;
				COPY_PHASE_STRIP = NO;
				DEBUG_INFORMATION_FORMAT = dwarf;
				ENABLE_STRICT_OBJC_MSGSEND = YES;
				ENABLE_TESTABILITY = YES;
				ENABLE_USER_SCRIPT_SANDBOXING = YES;
				GCC_C_LANGUAGE_STANDARD = gnu17;
				GCC_DYNAMIC_NO_PIC = NO;
				GCC_NO_COMMON_BLOCKS = YES;
				GCC_OPTIMIZATION_LEVEL = 0;
				GCC_PREPROCESSOR_DEFINITIONS = (
					"DEBUG=1",
					"$(inherited)",
				);
				GCC_WARN_64_TO_32_BIT_CONVERSION = YES;
				GCC_WARN_ABOUT_RETURN_TYPE = YES_ERROR;
				GCC_WARN_UNDECLARED_SELECTOR = YES;
				GCC_WARN_UNINITIALIZED_AUTOS = YES_AGGRESSIVE;
				GCC_WARN_UNUSED_FUNCTION = YES;
				GCC_WARN_UNUSED_VARIABLE = YES;
				IPHONEOS_DEPLOYMENT_TARGET = 17.4;
				LOCALIZATION_PREFERS_STRING_CATALOGS = YES;
				MTL_ENABLE_DEBUG_INFO = INCLUDE_SOURCE;
				MTL_FAST_MATH = YES;
				ONLY_ACTIVE_ARCH = YES;
				SDKROOT = iphoneos;
				SWIFT_ACTIVE_COMPILATION_CONDITIONS = "DEBUG $(inherited)";
				SWIFT_OPTIMIZATION_LEVEL = "-Onone";
			};
			name = Debug;
		};
		4AF6A1E52BD40878002A0AA3 /* Release */ = {
			isa = XCBuildConfiguration;
			buildSettings = {
				ALWAYS_SEARCH_USER_PATHS = NO;
				ASSETCATALOG_COMPILER_GENERATE_SWIFT_ASSET_SYMBOL_EXTENSIONS = YES;
				CLANG_ANALYZER_NONNULL = YES;
				CLANG_ANALYZER_NUMBER_OBJECT_CONVERSION = YES_AGGRESSIVE;
				CLANG_CXX_LANGUAGE_STANDARD = "gnu++20";
				CLANG_ENABLE_MODULES = YES;
				CLANG_ENABLE_OBJC_ARC = YES;
				CLANG_ENABLE_OBJC_WEAK = YES;
				CLANG_WARN_BLOCK_CAPTURE_AUTORELEASING = YES;
				CLANG_WARN_BOOL_CONVERSION = YES;
				CLANG_WARN_COMMA = YES;
				CLANG_WARN_CONSTANT_CONVERSION = YES;
				CLANG_WARN_DEPRECATED_OBJC_IMPLEMENTATIONS = YES;
				CLANG_WARN_DIRECT_OBJC_ISA_USAGE = YES_ERROR;
				CLANG_WARN_DOCUMENTATION_COMMENTS = YES;
				CLANG_WARN_EMPTY_BODY = YES;
				CLANG_WARN_ENUM_CONVERSION = YES;
				CLANG_WARN_INFINITE_RECURSION = YES;
				CLANG_WARN_INT_CONVERSION = YES;
				CLANG_WARN_NON_LITERAL_NULL_CONVERSION = YES;
				CLANG_WARN_OBJC_IMPLICIT_RETAIN_SELF = YES;
				CLANG_WARN_OBJC_LITERAL_CONVERSION = YES;
				CLANG_WARN_OBJC_ROOT_CLASS = YES_ERROR;
				CLANG_WARN_QUOTED_INCLUDE_IN_FRAMEWORK_HEADER = YES;
				CLANG_WARN_RANGE_LOOP_ANALYSIS = YES;
				CLANG_WARN_STRICT_PROTOTYPES = YES;
				CLANG_WARN_SUSPICIOUS_MOVE = YES;
				CLANG_WARN_UNGUARDED_AVAILABILITY = YES_AGGRESSIVE;
				CLANG_WARN_UNREACHABLE_CODE = YES;
				CLANG_WARN__DUPLICATE_METHOD_MATCH = YES;
				COPY_PHASE_STRIP = NO;
				DEBUG_INFORMATION_FORMAT = "dwarf-with-dsym";
				ENABLE_NS_ASSERTIONS = NO;
				ENABLE_STRICT_OBJC_MSGSEND = YES;
				ENABLE_USER_SCRIPT_SANDBOXING = YES;
				GCC_C_LANGUAGE_STANDARD = gnu17;
				GCC_NO_COMMON_BLOCKS = YES;
				GCC_WARN_64_TO_32_BIT_CONVERSION = YES;
				GCC_WARN_ABOUT_RETURN_TYPE = YES_ERROR;
				GCC_WARN_UNDECLARED_SELECTOR = YES;
				GCC_WARN_UNINITIALIZED_AUTOS = YES_AGGRESSIVE;
				GCC_WARN_UNUSED_FUNCTION = YES;
				GCC_WARN_UNUSED_VARIABLE = YES;
				IPHONEOS_DEPLOYMENT_TARGET = 17.4;
				LOCALIZATION_PREFERS_STRING_CATALOGS = YES;
				MTL_ENABLE_DEBUG_INFO = NO;
				MTL_FAST_MATH = YES;
				SDKROOT = iphoneos;
				SWIFT_COMPILATION_MODE = wholemodule;
				VALIDATE_PRODUCT = YES;
			};
			name = Release;
		};
		4AF6A1E72BD40878002A0AA3 /* Debug */ = {
			isa = XCBuildConfiguration;
			buildSettings = {
				ASSETCATALOG_COMPILER_APPICON_NAME = AppIcon;
				ASSETCATALOG_COMPILER_GLOBAL_ACCENT_COLOR_NAME = AccentColor;
				CODE_SIGN_STYLE = Automatic;
				CURRENT_PROJECT_VERSION = 1;
				DEVELOPMENT_ASSET_PATHS = "\"guoran/Preview Content\"";
				ENABLE_PREVIEWS = YES;
				GENERATE_INFOPLIST_FILE = YES;
				INFOPLIST_KEY_UIApplicationSceneManifest_Generation = YES;
				INFOPLIST_KEY_UIApplicationSupportsIndirectInputEvents = YES;
				INFOPLIST_KEY_UILaunchScreen_Generation = YES;
				INFOPLIST_KEY_UISupportedInterfaceOrientations_iPad = "UIInterfaceOrientationPortrait UIInterfaceOrientationPortraitUpsideDown UIInterfaceOrientationLandscapeLeft UIInterfaceOrientationLandscapeRight";
				INFOPLIST_KEY_UISupportedInterfaceOrientations_iPhone = "UIInterfaceOrientationPortrait UIInterfaceOrientationLandscapeLeft UIInterfaceOrientationLandscapeRight";
				LD_RUNPATH_SEARCH_PATHS = (
					"$(inherited)",
					"@executable_path/Frameworks",
				);
				MARKETING_VERSION = 1.0;
				PRODUCT_BUNDLE_IDENTIFIER = platetech.guoran;
				PRODUCT_NAME = "$(TARGET_NAME)";
				SWIFT_EMIT_LOC_STRINGS = YES;
				SWIFT_VERSION = 5.0;
				TARGETED_DEVICE_FAMILY = "1,2";
			};
			name = Debug;
		};
		4AF6A1E82BD40878002A0AA3 /* Release */ = {
			isa = XCBuildConfiguration;
			buildSettings = {
				ASSETCATALOG_COMPILER_APPICON_NAME = AppIcon;
				ASSETCATALOG_COMPILER_GLOBAL_ACCENT_COLOR_NAME = AccentColor;
				CODE_SIGN_STYLE = Automatic;
				CURRENT_PROJECT_VERSION = 1;
				DEVELOPMENT_ASSET_PATHS = "\"guoran/Preview Content\"";
				ENABLE_PREVIEWS = YES;
				GENERATE_INFOPLIST_FILE = YES;
				INFOPLIST_KEY_UIApplicationSceneManifest_Generation = YES;
				INFOPLIST_KEY_UIApplicationSupportsIndirectInputEvents = YES;
				INFOPLIST_KEY_UILaunchScreen_Generation = YES;
				INFOPLIST_KEY_UISupportedInterfaceOrientations_iPad = "UIInterfaceOrientationPortrait UIInterfaceOrientationPortraitUpsideDown UIInterfaceOrientationLandscapeLeft UIInterfaceOrientationLandscapeRight";
				INFOPLIST_KEY_UISupportedInterfaceOrientations_iPhone = "UIInterfaceOrientationPortrait UIInterfaceOrientationLandscapeLeft UIInterfaceOrientationLandscapeRight";
				LD_RUNPATH_SEARCH_PATHS = (
					"$(inherited)",
					"@executable_path/Frameworks",
				);
				MARKETING_VERSION = 1.0;
				PRODUCT_BUNDLE_IDENTIFIER = platetech.guoran;
				PRODUCT_NAME = "$(TARGET_NAME)";
				SWIFT_EMIT_LOC_STRINGS = YES;
				SWIFT_VERSION = 5.0;
				TARGETED_DEVICE_FAMILY = "1,2";
			};
			name = Release;
		};
/* End XCBuildConfiguration section */

/* Begin XCConfigurationList section */
		4AF6A1D32BD40876002A0AA3 /* Build configuration list for PBXProject "guoran" */ = {
			isa = XCConfigurationList;
			buildConfigurations = (
				4AF6A1E42BD40878002A0AA3 /* Debug */,
				4AF6A1E52BD40878002A0AA3 /* Release */,
			);
			defaultConfigurationIsVisible = 0;
			defaultConfigurationName = Release;
		};
		4AF6A1E62BD40878002A0AA3 /* Build configuration list for PBXNativeTarget "guoran" */ = {
			isa = XCConfigurationList;
			buildConfigurations = (
				4AF6A1E72BD40878002A0AA3 /* Debug */,
				4AF6A1E82BD40878002A0AA3 /* Release */,
			);
			defaultConfigurationIsVisible = 0;
			defaultConfigurationName = Release;
		};
/* End XCConfigurationList section */
	};
	rootObject = 4AF6A1D02BD40876002A0AA3 /* Project object */;
}
